
Microsoft Visual Studio Solution File, Format Version 12.00
# Visual Studio Version 17
VisualStudioVersion = 17.8.34316.72
MinimumVisualStudioVersion = 10.0.40219.1
Project("{FAE04EC0-301F-11D3-BF4B-00C04F79EFBC}") = "SiniflarProje1", "SiniflarProje1\SiniflarProje1.csproj", "{4C83FB6D-8E2B-4C7B-ABEA-37A00DCCF39C}"
EndProject
Global
	GlobalSection(SolutionConfigurationPlatforms) = preSolution
		Debug|Any CPU = Debug|Any CPU
		Release|Any CPU = Release|Any CPU
	EndGlobalSection
	GlobalSection(ProjectConfigurationPlatforms) = postSolution
		{4C83FB6D-8E2B-4C7B-ABEA-37A00DCCF39C}.Debug|Any CPU.ActiveCfg = Debug|Any CPU
		{4C83FB6D-8E2B-4C7B-ABEA-37A00DCCF39C}.Debug|Any CPU.Build.0 = Debug|Any CPU
		{4C83FB6D-8E2B-4C7B-ABEA-37A00DCCF39C}.Release|Any CPU.ActiveCfg = Release|Any CPU
		{4C83FB6D-8E2B-4C7B-ABEA-37A00DCCF39C}.Release|Any CPU.Build.0 = Release|Any CPU
	EndGlobalSection
	GlobalSection(SolutionProperties) = preSolution
		HideSolutionNode = FALSE
	EndGlobalSection
	GlobalSection(ExtensibilityGlobals) = postSolution
		SolutionGuid = {E4310E39-655A-4949-BA4B-5B7BB62E4564}
	EndGlobalSection
EndGlobal
